
Microsoft Visual Studio Solution File, Format Version 12.00
# Visual Studio Version 16
VisualStudioVersion = 16.0.30804.86
MinimumVisualStudioVersion = 10.0.40219.1
Project("{FAE04EC0-301F-11D3-BF4B-00C04F79EFBC}") = "CoMapAPP", "CoMapAPP\CoMapAPP.csproj", "{7BBC5BFC-D0F3-4743-85FF-2B54958A0E7E}"
EndProject
Project("{2150E333-8FDC-42A3-9474-1A3956D46DE8}") = "Solution Items", "Solution Items", "{858FAB11-D34A-401E-BC78-767DD9AC2D14}"
	ProjectSection(SolutionItems) = preProject
		.editorconfig = .editorconfig
	EndProjectSection
EndProject
Global
	GlobalSection(SolutionConfigurationPlatforms) = preSolution
		Debug|Any CPU = Debug|Any CPU
		Release|Any CPU = Release|Any CPU
	EndGlobalSection
	GlobalSection(ProjectConfigurationPlatforms) = postSolution
		{7BBC5BFC-D0F3-4743-85FF-2B54958A0E7E}.Debug|Any CPU.ActiveCfg = Debug|Any CPU
		{7BBC5BFC-D0F3-4743-85FF-2B54958A0E7E}.Debug|Any CPU.Build.0 = Debug|Any CPU
		{7BBC5BFC-D0F3-4743-85FF-2B54958A0E7E}.Release|Any CPU.ActiveCfg = Release|Any CPU
		{7BBC5BFC-D0F3-4743-85FF-2B54958A0E7E}.Release|Any CPU.Build.0 = Release|Any CPU
	EndGlobalSection
	GlobalSection(SolutionProperties) = preSolution
		HideSolutionNode = FALSE
	EndGlobalSection
	GlobalSection(ExtensibilityGlobals) = postSolution
		SolutionGuid = {7960894F-1CD4-4AF1-B88E-360EDBC96D7B}
	EndGlobalSection
EndGlobal
